
Microsoft Visual Studio Solution File, Format Version 12.00
Project("{FAE04EC0-301F-11D3-BF4B-00C04F79EFBC}") = "HealthManagerServer", "HealthManagerServer\HealthManagerServer.csproj", "{D1F5DD74-3089-40C6-91B2-E46B6AFD208D}"
EndProject
Project("{FAE04EC0-301F-11D3-BF4B-00C04F79EFBC}") = "HealthManagerTest", "HealthManagerTest\HealthManagerTest.csproj", "{BC568396-DFDA-4FD0-9857-C1DE2965CE8D}"
EndProject
Project("{2150E333-8FDC-42A3-9474-1A3956D46DE8}") = "Solution Items", "Solution Items", "{171BAB73-DEE9-4489-BC68-E85C3D691CBF}"
	ProjectSection(SolutionItems) = preProject
		docker-compose.yml = docker-compose.yml
	EndProjectSection
EndProject
Global
	GlobalSection(SolutionConfigurationPlatforms) = preSolution
		Debug|Any CPU = Debug|Any CPU
		Release|Any CPU = Release|Any CPU
	EndGlobalSection
	GlobalSection(ProjectConfigurationPlatforms) = postSolution
		{D1F5DD74-3089-40C6-91B2-E46B6AFD208D}.Debug|Any CPU.ActiveCfg = Debug|Any CPU
		{D1F5DD74-3089-40C6-91B2-E46B6AFD208D}.Debug|Any CPU.Build.0 = Debug|Any CPU
		{D1F5DD74-3089-40C6-91B2-E46B6AFD208D}.Release|Any CPU.ActiveCfg = Release|Any CPU
		{D1F5DD74-3089-40C6-91B2-E46B6AFD208D}.Release|Any CPU.Build.0 = Release|Any CPU
		{BC568396-DFDA-4FD0-9857-C1DE2965CE8D}.Debug|Any CPU.ActiveCfg = Debug|Any CPU
		{BC568396-DFDA-4FD0-9857-C1DE2965CE8D}.Debug|Any CPU.Build.0 = Debug|Any CPU
		{BC568396-DFDA-4FD0-9857-C1DE2965CE8D}.Release|Any CPU.ActiveCfg = Release|Any CPU
		{BC568396-DFDA-4FD0-9857-C1DE2965CE8D}.Release|Any CPU.Build.0 = Release|Any CPU
	EndGlobalSection
EndGlobal
